// !$*UTF8*$!
{
	archiveVersion = 1;
	classes = {
	};
	objectVersion = 77;
	objects = {

/* Begin PBXBuildFile section */
		7D87EA92D8E7423E1DFAA9AD /* Pods_PayUDecoupledFlow.framework in Frameworks */ = {isa = PBXBuildFile; fileRef = 3663746AD4E6116007FC293E /* Pods_PayUDecoupledFlow.framework */; };
/* End PBXBuildFile section */

/* Begin PBXFileReference section */
		3663746AD4E6116007FC293E /* Pods_PayUDecoupledFlow.framework */ = {isa = PBXFileReference; explicitFileType = wrapper.framework; includeInIndex = 0; path = Pods_PayUDecoupledFlow.framework; sourceTree = BUILT_PRODUCTS_DIR; };
		630726C82FBEA55E008BF4B0 /* PayUDecoupledFlow.app */ = {isa = PBXFileReference; explicitFileType = wrapper.application; includeInIndex = 0; path = PayUDecoupledFlow.app; sourceTree = BUILT_PRODUCTS_DIR; };
		63588D982FC56FB600CD2285 /* PayUAnalyticsKit.framework */ = {isa = PBXFileReference; lastKnownFileType = wrapper.framework; name = PayUAnalyticsKit.framework; path = Frameworks/PayUAnalyticsKit.framework; sourceTree = "<group>"; };
		63588D992FC56FB600CD2285 /* PayUTridentityMFAKit.framework */ = {isa = PBXFileReference; lastKnownFileType = wrapper.framework; name = PayUTridentityMFAKit.framework; path = Frameworks/PayUTridentityMFAKit.framework; sourceTree = "<group>"; };
		63588D9A2FC56FB600CD2285 /* PayUliboqs.framework */ = {isa = PBXFileReference; lastKnownFileType = wrapper.framework; name = PayUliboqs.framework; path = Frameworks/PayUliboqs.framework; sourceTree = "<group>"; };
		63588D9B2FC56FB600CD2285 /* PayU3DS2Kit.framework */ = {isa = PBXFileReference; lastKnownFileType = wrapper.framework; name = PayU3DS2Kit.framework; path = Frameworks/PayU3DS2Kit.framework; sourceTree = "<group>"; };
		63588D9C2FC56FB600CD2285 /* PayUNetworkReachability.framework */ = {isa = PBXFileReference; lastKnownFileType = wrapper.framework; name = PayUNetworkReachability.framework; path = Frameworks/PayUNetworkReachability.framework; sourceTree = "<group>"; };
		63588D9D2FC56FB600CD2285 /* PayUCrashReporter.framework */ = {isa = PBXFileReference; lastKnownFileType = wrapper.framework; name = PayUCrashReporter.framework; path = Frameworks/PayUCrashReporter.framework; sourceTree = "<group>"; };
		63588D9E2FC56FB600CD2285 /* PayU3DS2CoreKit.framework */ = {isa = PBXFileReference; lastKnownFileType = wrapper.framework; name = PayU3DS2CoreKit.framework; path = Frameworks/PayU3DS2CoreKit.framework; sourceTree = "<group>"; };
		76757461309B92EDBDC78B64 /* Pods-PayUDecoupledFlow.release.xcconfig */ = {isa = PBXFileReference; includeInIndex = 1; lastKnownFileType = text.xcconfig; name = "Pods-PayUDecoupledFlow.release.xcconfig"; path = "Target Support Files/Pods-PayUDecoupledFlow/Pods-PayUDecoupledFlow.release.xcconfig"; sourceTree = "<group>"; };
		9573226EF976EC952477618D /* Pods-PayUDecoupledFlow.debug.xcconfig */ = {isa = PBXFileReference; includeInIndex = 1; lastKnownFileType = text.xcconfig; name = "Pods-PayUDecoupledFlow.debug.xcconfig"; path = "Target Support Files/Pods-PayUDecoupledFlow/Pods-PayUDecoupledFlow.debug.xcconfig"; sourceTree = "<group>"; };
/* End PBXFileReference section */

/* Begin PBXFileSystemSynchronizedBuildFileExceptionSet section */
		630726DA2FBEA561008BF4B0 /* Exceptions for "PayUDecoupledFlow" folder in "PayUDecoupledFlow" target */ = {
			isa = PBXFileSystemSynchronizedBuildFileExceptionSet;
			membershipExceptions = (
				Info.plist,
			);
			target = 630726C72FBEA55E008BF4B0 /* PayUDecoupledFlow */;
		};
/* End PBXFileSystemSynchronizedBuildFileExceptionSet section */

/* Begin PBXFileSystemSynchronizedRootGroup section */
		630726CA2FBEA55E008BF4B0 /* PayUDecoupledFlow */ = {
			isa = PBXFileSystemSynchronizedRootGroup;
			exceptions = (
				630726DA2FBEA561008BF4B0 /* Exceptions for "PayUDecoupledFlow" folder in "PayUDecoupledFlow" target */,
			);
			path = PayUDecoupledFlow;
			sourceTree = "<group>";
		};
/* End PBXFileSystemSynchronizedRootGroup section */

/* Begin PBXFrameworksBuildPhase section */
		630726C52FBEA55E008BF4B0 /* Frameworks */ = {
			isa = PBXFrameworksBuildPhase;
			buildActionMask = 2147483647;
			files = (
				7D87EA92D8E7423E1DFAA9AD /* Pods_PayUDecoupledFlow.framework in Frameworks */,
			);
			runOnlyForDeploymentPostprocessing = 0;
		};
/* End PBXFrameworksBuildPhase section */

/* Begin PBXGroup section */
		630726BF2FBEA55E008BF4B0 = {
			isa = PBXGroup;
			children = (
				630726CA2FBEA55E008BF4B0 /* PayUDecoupledFlow */,
				630726C92FBEA55E008BF4B0 /* Products */,
				64077462327A5B63E26ABBBD /* Pods */,
				9222DEA12E500EBAC2BA79EA /* Frameworks */,
			);
			sourceTree = "<group>";
		};
		630726C92FBEA55E008BF4B0 /* Products */ = {
			isa = PBXGroup;
			children = (
				630726C82FBEA55E008BF4B0 /* PayUDecoupledFlow.app */,
			);
			name = Products;
			sourceTree = "<group>";
		};
		64077462327A5B63E26ABBBD /* Pods */ = {
			isa = PBXGroup;
			children = (
				9573226EF976EC952477618D /* Pods-PayUDecoupledFlow.debug.xcconfig */,
				76757461309B92EDBDC78B64 /* Pods-PayUDecoupledFlow.release.xcconfig */,
			);
			path = Pods;
			sourceTree = "<group>";
		};
		9222DEA12E500EBAC2BA79EA /* Frameworks */ = {
			isa = PBXGroup;
			children = (
				63588D9E2FC56FB600CD2285 /* PayU3DS2CoreKit.framework */,
				63588D9B2FC56FB600CD2285 /* PayU3DS2Kit.framework */,
				63588D982FC56FB600CD2285 /* PayUAnalyticsKit.framework */,
				63588D9D2FC56FB600CD2285 /* PayUCrashReporter.framework */,
				63588D9A2FC56FB600CD2285 /* PayUliboqs.framework */,
				63588D9C2FC56FB600CD2285 /* PayUNetworkReachability.framework */,
				63588D992FC56FB600CD2285 /* PayUTridentityMFAKit.framework */,
				3663746AD4E6116007FC293E /* Pods_PayUDecoupledFlow.framework */,
			);
			name = Frameworks;
			sourceTree = "<group>";
		};
/* End PBXGroup section */

/* Begin PBXNativeTarget section */
		630726C72FBEA55E008BF4B0 /* PayUDecoupledFlow */ = {
			isa = PBXNativeTarget;
			buildConfigurationList = 630726DB2FBEA561008BF4B0 /* Build configuration list for PBXNativeTarget "PayUDecoupledFlow" */;
			buildPhases = (
				6EF28D38603A3619216402BD /* [CP] Check Pods Manifest.lock */,
				630726C42FBEA55E008BF4B0 /* Sources */,
				630726C52FBEA55E008BF4B0 /* Frameworks */,
				630726C62FBEA55E008BF4B0 /* Resources */,
				322E0DF62EFF9ED77FB30211 /* [CP] Embed Pods Frameworks */,
			);
			buildRules = (
			);
			dependencies = (
			);
			fileSystemSynchronizedGroups = (
				630726CA2FBEA55E008BF4B0 /* PayUDecoupledFlow */,
			);
			name = PayUDecoupledFlow;
			productName = PayUDecoupledFlow;
			productReference = 630726C82FBEA55E008BF4B0 /* PayUDecoupledFlow.app */;
			productType = "com.apple.product-type.application";
		};
/* End PBXNativeTarget section */

/* Begin PBXProject section */
		630726C02FBEA55E008BF4B0 /* Project object */ = {
			isa = PBXProject;
			attributes = {
				BuildIndependentTargetsInParallel = 1;
				LastSwiftUpdateCheck = 2600;
				LastUpgradeCheck = 2660;
				TargetAttributes = {
					630726C72FBEA55E008BF4B0 = {
						CreatedOnToolsVersion = 26.0.1;
					};
				};
			};
			buildConfigurationList = 630726C32FBEA55E008BF4B0 /* Build configuration list for PBXProject "PayUDecoupledFlow" */;
			developmentRegion = en;
			hasScannedForEncodings = 0;
			knownRegions = (
				en,
				Base,
			);
			mainGroup = 630726BF2FBEA55E008BF4B0;
			minimizedProjectReferenceProxies = 1;
			preferredProjectObjectVersion = 77;
			productRefGroup = 630726C92FBEA55E008BF4B0 /* Products */;
			projectDirPath = "";
			projectRoot = "";
			targets = (
				630726C72FBEA55E008BF4B0 /* PayUDecoupledFlow */,
			);
		};
/* End PBXProject section */

/* Begin PBXResourcesBuildPhase section */
		630726C62FBEA55E008BF4B0 /* Resources */ = {
			isa = PBXResourcesBuildPhase;
			buildActionMask = 2147483647;
			files = (
			);
			runOnlyForDeploymentPostprocessing = 0;
		};
/* End PBXResourcesBuildPhase section */

/* Begin PBXShellScriptBuildPhase section */
		322E0DF62EFF9ED77FB30211 /* [CP] Embed Pods Frameworks */ = {
			isa = PBXShellScriptBuildPhase;
			buildActionMask = 2147483647;
			files = (
			);
			inputFileListPaths = (
				"${PODS_ROOT}/Target Support Files/Pods-PayUDecoupledFlow/Pods-PayUDecoupledFlow-frameworks-${CONFIGURATION}-input-files.xcfilelist",
			);
			inputPaths = (
			);
			name = "[CP] Embed Pods Frameworks";
			outputFileListPaths = (
				"${PODS_ROOT}/Target Support Files/Pods-PayUDecoupledFlow/Pods-PayUDecoupledFlow-frameworks-${CONFIGURATION}-output-files.xcfilelist",
			);
			outputPaths = (
			);
			runOnlyForDeploymentPostprocessing = 0;
			shellPath = /bin/sh;
			shellScript = "\"${PODS_ROOT}/Target Support Files/Pods-PayUDecoupledFlow/Pods-PayUDecoupledFlow-frameworks.sh\"\n";
			showEnvVarsInLog = 0;
		};
		6EF28D38603A3619216402BD /* [CP] Check Pods Manifest.lock */ = {
			isa = PBXShellScriptBuildPhase;
			buildActionMask = 2147483647;
			files = (
			);
			inputFileListPaths = (
			);
			inputPaths = (
				"${PODS_PODFILE_DIR_PATH}/Podfile.lock",
				"${PODS_ROOT}/Manifest.lock",
			);
			name = "[CP] Check Pods Manifest.lock";
			outputFileListPaths = (
			);
			outputPaths = (
				"$(DERIVED_FILE_DIR)/Pods-PayUDecoupledFlow-checkManifestLockResult.txt",
			);
			runOnlyForDeploymentPostprocessing = 0;
			shellPath = /bin/sh;
			shellScript = "diff \"${PODS_PODFILE_DIR_PATH}/Podfile.lock\" \"${PODS_ROOT}/Manifest.lock\" > /dev/null\nif [ $? != 0 ] ; then\n    # print error to STDERR\n    echo \"error: The sandbox is not in sync with the Podfile.lock. Run 'pod install' or update your CocoaPods installation.\" >&2\n    exit 1\nfi\n# This output is used by Xcode 'outputs' to avoid re-running this script phase.\necho \"SUCCESS\" > \"${SCRIPT_OUTPUT_FILE_0}\"\n";
			showEnvVarsInLog = 0;
		};
/* End PBXShellScriptBuildPhase section */

/* Begin PBXSourcesBuildPhase section */
		630726C42FBEA55E008BF4B0 /* Sources */ = {
			isa = PBXSourcesBuildPhase;
			buildActionMask = 2147483647;
			files = (
			);
			runOnlyForDeploymentPostprocessing = 0;
		};
/* End PBXSourcesBuildPhase section */

/* Begin XCBuildConfiguration section */
		630726DC2FBEA561008BF4B0 /* Debug */ = {
			isa = XCBuildConfiguration;
			baseConfigurationReference = 9573226EF976EC952477618D /* Pods-PayUDecoupledFlow.debug.xcconfig */;
			buildSettings = {
				ASSETCATALOG_COMPILER_APPICON_NAME = AppIcon;
				ASSETCATALOG_COMPILER_GLOBAL_ACCENT_COLOR_NAME = AccentColor;
				CODE_SIGN_STYLE = Automatic;
				CURRENT_PROJECT_VERSION = 1;
				DEVELOPMENT_TEAM = 3T2M5UN5C5;
				FRAMEWORK_SEARCH_PATHS = (
					"$(inherited)",
					"$(PROJECT_DIR)/Frameworks",
					"$(PROJECT_DIR)/PayUDecoupledFlow/Frameworks",
				);
				GENERATE_INFOPLIST_FILE = YES;
				INFOPLIST_FILE = PayUDecoupledFlow/Info.plist;
				INFOPLIST_KEY_UIApplicationSupportsIndirectInputEvents = YES;
				INFOPLIST_KEY_UILaunchStoryboardName = LaunchScreen;
				INFOPLIST_KEY_UIMainStoryboardFile = Main;
				INFOPLIST_KEY_UISupportedInterfaceOrientations_iPad = "UIInterfaceOrientationPortrait UIInterfaceOrientationPortraitUpsideDown UIInterfaceOrientationLandscapeLeft UIInterfaceOrientationLandscapeRight";
				INFOPLIST_KEY_UISupportedInterfaceOrientations_iPhone = "UIInterfaceOrientationPortrait UIInterfaceOrientationLandscapeLeft UIInterfaceOrientationLandscapeRight";
				LD_RUNPATH_SEARCH_PATHS = (
					"$(inherited)",
					"@executable_path/Frameworks",
				);
				MARKETING_VERSION = 1.0;
				PRODUCT_BUNDLE_IDENTIFIER = payu.PayUDecoupledFlow;
				PRODUCT_NAME = "$(TARGET_NAME)";
				STRING_CATALOG_GENERATE_SYMBOLS = YES;
				SWIFT_APPROACHABLE_CONCURRENCY = YES;
				SWIFT_DEFAULT_ACTOR_ISOLATION = MainActor;
				SWIFT_EMIT_LOC_STRINGS = YES;
				SWIFT_UPCOMING_FEATURE_MEMBER_IMPORT_VISIBILITY = YES;
				SWIFT_VERSION = 5.0;
				TARGETED_DEVICE_FAMILY = "1,2";
			};
			name = Debug;
		};
		630726DD2FBEA561008BF4B0 /* Release */ = {
			isa = XCBuildConfiguration;
			baseConfigurationReference = 76757461309B92EDBDC78B64 /* Pods-PayUDecoupledFlow.release.xcconfig */;
			buildSettings = {
				ASSETCATALOG_COMPILER_APPICON_NAME = AppIcon;
				ASSETCATALOG_COMPILER_GLOBAL_ACCENT_COLOR_NAME = AccentColor;
				CODE_SIGN_STYLE = Automatic;
				CURRENT_PROJECT_VERSION = 1;
				DEVELOPMENT_TEAM = 3T2M5UN5C5;
				FRAMEWORK_SEARCH_PATHS = (
					"$(inherited)",
					"$(PROJECT_DIR)/Frameworks",
					"$(PROJECT_DIR)/PayUDecoupledFlow/Frameworks",
				);
				GENERATE_INFOPLIST_FILE = YES;
				INFOPLIST_FILE = PayUDecoupledFlow/Info.plist;
				INFOPLIST_KEY_UIApplicationSupportsIndirectInputEvents = YES;
				INFOPLIST_KEY_UILaunchStoryboardName = LaunchScreen;
				INFOPLIST_KEY_UIMainStoryboardFile = Main;
				INFOPLIST_KEY_UISupportedInterfaceOrientations_iPad = "UIInterfaceOrientationPortrait UIInterfaceOrientationPortraitUpsideDown UIInterfaceOrientationLandscapeLeft UIInterfaceOrientationLandscapeRight";
				INFOPLIST_KEY_UISupportedInterfaceOrientations_iPhone = "UIInterfaceOrientationPortrait UIInterfaceOrientationLandscapeLeft UIInterfaceOrientationLandscapeRight";
				LD_RUNPATH_SEARCH_PATHS = (
					"$(inherited)",
					"@executable_path/Frameworks",
				);
				MARKETING_VERSION = 1.0;
				PRODUCT_BUNDLE_IDENTIFIER = payu.PayUDecoupledFlow;
				PRODUCT_NAME = "$(TARGET_NAME)";
				STRING_CATALOG_GENERATE_SYMBOLS = YES;
				SWIFT_APPROACHABLE_CONCURRENCY = YES;
				SWIFT_DEFAULT_ACTOR_ISOLATION = MainActor;
				SWIFT_EMIT_LOC_STRINGS = YES;
				SWIFT_UPCOMING_FEATURE_MEMBER_IMPORT_VISIBILITY = YES;
				SWIFT_VERSION = 5.0;
				TARGETED_DEVICE_FAMILY = "1,2";
			};
			name = Release;
		};
		630726DE2FBEA561008BF4B0 /* Debug */ = {
			isa = XCBuildConfiguration;
			buildSettings = {
				ALWAYS_SEARCH_USER_PATHS = NO;
				ASSETCATALOG_COMPILER_GENERATE_SWIFT_ASSET_SYMBOL_EXTENSIONS = YES;
				CLANG_ANALYZER_NONNULL = YES;
				CLANG_ANALYZER_NUMBER_OBJECT_CONVERSION = YES_AGGRESSIVE;
				CLANG_CXX_LANGUAGE_STANDARD = "gnu++20";
				CLANG_ENABLE_MODULES = YES;
				CLANG_ENABLE_OBJC_ARC = YES;
				CLANG_ENABLE_OBJC_WEAK = YES;
				CLANG_WARN_BLOCK_CAPTURE_AUTORELEASING = YES;
				CLANG_WARN_BOOL_CONVERSION = YES;
				CLANG_WARN_COMMA = YES;
				CLANG_WARN_CONSTANT_CONVERSION = YES;
				CLANG_WARN_DEPRECATED_OBJC_IMPLEMENTATIONS = YES;
				CLANG_WARN_DIRECT_OBJC_ISA_USAGE = YES_ERROR;
				CLANG_WARN_DOCUMENTATION_COMMENTS = YES;
				CLANG_WARN_EMPTY_BODY = YES;
				CLANG_WARN_ENUM_CONVERSION = YES;
				CLANG_WARN_INFINITE_RECURSION = YES;
				CLANG_WARN_INT_CONVERSION = YES;
				CLANG_WARN_NON_LITERAL_NULL_CONVERSION = YES;
				CLANG_WARN_OBJC_IMPLICIT_RETAIN_SELF = YES;
				CLANG_WARN_OBJC_LITERAL_CONVERSION = YES;
				CLANG_WARN_OBJC_ROOT_CLASS = YES_ERROR;
				CLANG_WARN_QUOTED_INCLUDE_IN_FRAMEWORK_HEADER = YES;
				CLANG_WARN_RANGE_LOOP_ANALYSIS = YES;
				CLANG_WARN_STRICT_PROTOTYPES = YES;
				CLANG_WARN_SUSPICIOUS_MOVE = YES;
				CLANG_WARN_UNGUARDED_AVAILABILITY = YES_AGGRESSIVE;
				CLANG_WARN_UNREACHABLE_CODE = YES;
				CLANG_WARN__DUPLICATE_METHOD_MATCH = YES;
				COPY_PHASE_STRIP = NO;
				DEBUG_INFORMATION_FORMAT = dwarf;
				DEVELOPMENT_TEAM = 3T2M5UN5C5;
				ENABLE_STRICT_OBJC_MSGSEND = YES;
				ENABLE_TESTABILITY = YES;
				ENABLE_USER_SCRIPT_SANDBOXING = NO;
				GCC_C_LANGUAGE_STANDARD = gnu17;
				GCC_DYNAMIC_NO_PIC = NO;
				GCC_NO_COMMON_BLOCKS = YES;
				GCC_OPTIMIZATION_LEVEL = 0;
				GCC_PREPROCESSOR_DEFINITIONS = (
					"DEBUG=1",
					"$(inherited)",
				);
				GCC_WARN_64_TO_32_BIT_CONVERSION = YES;
				GCC_WARN_ABOUT_RETURN_TYPE = YES_ERROR;
				GCC_WARN_UNDECLARED_SELECTOR = YES;
				GCC_WARN_UNINITIALIZED_AUTOS = YES_AGGRESSIVE;
				GCC_WARN_UNUSED_FUNCTION = YES;
				GCC_WARN_UNUSED_VARIABLE = YES;
				IPHONEOS_DEPLOYMENT_TARGET = 26.0;
				LOCALIZATION_PREFERS_STRING_CATALOGS = YES;
				MTL_ENABLE_DEBUG_INFO = INCLUDE_SOURCE;
				MTL_FAST_MATH = YES;
				ONLY_ACTIVE_ARCH = YES;
				SDKROOT = iphoneos;
				STRING_CATALOG_GENERATE_SYMBOLS = YES;
				SWIFT_ACTIVE_COMPILATION_CONDITIONS = "DEBUG $(inherited)";
				SWIFT_OPTIMIZATION_LEVEL = "-Onone";
			};
			name = Debug;
		};
		630726DF2FBEA561008BF4B0 /* Release */ = {
			isa = XCBuildConfiguration;
			buildSettings = {
				ALWAYS_SEARCH_USER_PATHS = NO;
				ASSETCATALOG_COMPILER_GENERATE_SWIFT_ASSET_SYMBOL_EXTENSIONS = YES;
				CLANG_ANALYZER_NONNULL = YES;
				CLANG_ANALYZER_NUMBER_OBJECT_CONVERSION = YES_AGGRESSIVE;
				CLANG_CXX_LANGUAGE_STANDARD = "gnu++20";
				CLANG_ENABLE_MODULES = YES;
				CLANG_ENABLE_OBJC_ARC = YES;
				CLANG_ENABLE_OBJC_WEAK = YES;
				CLANG_WARN_BLOCK_CAPTURE_AUTORELEASING = YES;
				CLANG_WARN_BOOL_CONVERSION = YES;
				CLANG_WARN_COMMA = YES;
				CLANG_WARN_CONSTANT_CONVERSION = YES;
				CLANG_WARN_DEPRECATED_OBJC_IMPLEMENTATIONS = YES;
				CLANG_WARN_DIRECT_OBJC_ISA_USAGE = YES_ERROR;
				CLANG_WARN_DOCUMENTATION_COMMENTS = YES;
				CLANG_WARN_EMPTY_BODY = YES;
				CLANG_WARN_ENUM_CONVERSION = YES;
				CLANG_WARN_INFINITE_RECURSION = YES;
				CLANG_WARN_INT_CONVERSION = YES;
				CLANG_WARN_NON_LITERAL_NULL_CONVERSION = YES;
				CLANG_WARN_OBJC_IMPLICIT_RETAIN_SELF = YES;
				CLANG_WARN_OBJC_LITERAL_CONVERSION = YES;
				CLANG_WARN_OBJC_ROOT_CLASS = YES_ERROR;
				CLANG_WARN_QUOTED_INCLUDE_IN_FRAMEWORK_HEADER = YES;
				CLANG_WARN_RANGE_LOOP_ANALYSIS = YES;
				CLANG_WARN_STRICT_PROTOTYPES = YES;
				CLANG_WARN_SUSPICIOUS_MOVE = YES;
				CLANG_WARN_UNGUARDED_AVAILABILITY = YES_AGGRESSIVE;
				CLANG_WARN_UNREACHABLE_CODE = YES;
				CLANG_WARN__DUPLICATE_METHOD_MATCH = YES;
				COPY_PHASE_STRIP = NO;
				DEBUG_INFORMATION_FORMAT = "dwarf-with-dsym";
				DEVELOPMENT_TEAM = 3T2M5UN5C5;
				ENABLE_NS_ASSERTIONS = NO;
				ENABLE_STRICT_OBJC_MSGSEND = YES;
				ENABLE_USER_SCRIPT_SANDBOXING = NO;
				GCC_C_LANGUAGE_STANDARD = gnu17;
				GCC_NO_COMMON_BLOCKS = YES;
				GCC_WARN_64_TO_32_BIT_CONVERSION = YES;
				GCC_WARN_ABOUT_RETURN_TYPE = YES_ERROR;
				GCC_WARN_UNDECLARED_SELECTOR = YES;
				GCC_WARN_UNINITIALIZED_AUTOS = YES_AGGRESSIVE;
				GCC_WARN_UNUSED_FUNCTION = YES;
				GCC_WARN_UNUSED_VARIABLE = YES;
				IPHONEOS_DEPLOYMENT_TARGET = 26.0;
				LOCALIZATION_PREFERS_STRING_CATALOGS = YES;
				MTL_ENABLE_DEBUG_INFO = NO;
				MTL_FAST_MATH = YES;
				SDKROOT = iphoneos;
				STRING_CATALOG_GENERATE_SYMBOLS = YES;
				SWIFT_COMPILATION_MODE = wholemodule;
				VALIDATE_PRODUCT = YES;
			};
			name = Release;
		};
/* End XCBuildConfiguration section */

/* Begin XCConfigurationList section */
		630726C32FBEA55E008BF4B0 /* Build configuration list for PBXProject "PayUDecoupledFlow" */ = {
			isa = XCConfigurationList;
			buildConfigurations = (
				630726DE2FBEA561008BF4B0 /* Debug */,
				630726DF2FBEA561008BF4B0 /* Release */,
			);
			defaultConfigurationIsVisible = 0;
			defaultConfigurationName = Release;
		};
		630726DB2FBEA561008BF4B0 /* Build configuration list for PBXNativeTarget "PayUDecoupledFlow" */ = {
			isa = XCConfigurationList;
			buildConfigurations = (
				630726DC2FBEA561008BF4B0 /* Debug */,
				630726DD2FBEA561008BF4B0 /* Release */,
			);
			defaultConfigurationIsVisible = 0;
			defaultConfigurationName = Release;
		};
/* End XCConfigurationList section */
	};
	rootObject = 630726C02FBEA55E008BF4B0 /* Project object */;
}
